// !$*UTF8*$!
{
	archiveVersion = 1;
	classes = {
	};
	objectVersion = 46;
	objects = {

/* Begin PBXBuildFile section */
		87BA833919E6ECF9005545B9 /* main.m in Sources */ = {isa = PBXBuildFile; fileRef = 87BA833819E6ECF9005545B9 /* main.m */; };
		87BA833C19E6ECF9005545B9 /* AppDelegate.m in Sources */ = {isa = PBXBuildFile; fileRef = 87BA833B19E6ECF9005545B9 /* AppDelegate.m */; };
		87BA833F19E6ECF9005545B9 /* FirstViewController.m in Sources */ = {isa = PBXBuildFile; fileRef = 87BA833E19E6ECF9005545B9 /* FirstViewController.m */; };
		87BA834219E6ECF9005545B9 /* SecondViewController.m in Sources */ = {isa = PBXBuildFile; fileRef = 87BA834119E6ECF9005545B9 /* SecondViewController.m */; };
		87BA834519E6ECF9005545B9 /* Main.storyboard in Resources */ = {isa = PBXBuildFile; fileRef = 87BA834319E6ECF9005545B9 /* Main.storyboard */; };
		87BA834719E6ECF9005545B9 /* Images.xcassets in Resources */ = {isa = PBXBuildFile; fileRef = 87BA834619E6ECF9005545B9 /* Images.xcassets */; };
		87BA834A19E6ECF9005545B9 /* LaunchScreen.xib in Resources */ = {isa = PBXBuildFile; fileRef = 87BA834819E6ECF9005545B9 /* LaunchScreen.xib */; };
		87BA835619E6ECF9005545B9 /* testTests.m in Sources */ = {isa = PBXBuildFile; fileRef = 87BA835519E6ECF9005545B9 /* testTests.m */; };
/* End PBXBuildFile section */

/* Begin PBXContainerItemProxy section */
		87BA835019E6ECF9005545B9 /* PBXContainerItemProxy */ = {
			isa = PBXContainerItemProxy;
			containerPortal = 87BA832B19E6ECF9005545B9 /* Project object */;
			proxyType = 1;
			remoteGlobalIDString = 87BA833219E6ECF9005545B9;
			remoteInfo = test;
		};
/* End PBXContainerItemProxy section */

/* Begin PBXFileReference section */
		87BA833319E6ECF9005545B9 /* test.app */ = {isa = PBXFileReference; explicitFileType = wrapper.application; includeInIndex = 0; path = test.app; sourceTree = BUILT_PRODUCTS_DIR; };
		87BA833719E6ECF9005545B9 /* Info.plist */ = {isa = PBXFileReference; lastKnownFileType = text.plist.xml; path = Info.plist; sourceTree = "<group>"; };
		87BA833819E6ECF9005545B9 /* main.m */ = {isa = PBXFileReference; lastKnownFileType = sourcecode.c.objc; path = main.m; sourceTree = "<group>"; };
		87BA833A19E6ECF9005545B9 /* AppDelegate.h */ = {isa = PBXFileReference; lastKnownFileType = sourcecode.c.h; path = AppDelegate.h; sourceTree = "<group>"; };
		87BA833B19E6ECF9005545B9 /* AppDelegate.m */ = {isa = PBXFileReference; lastKnownFileType = sourcecode.c.objc; path = AppDelegate.m; sourceTree = "<group>"; };
		87BA833D19E6ECF9005545B9 /* FirstViewController.h */ = {isa = PBXFileReference; lastKnownFileType = sourcecode.c.h; path = FirstViewController.h; sourceTree = "<group>"; };
		87BA833E19E6ECF9005545B9 /* FirstViewController.m */ = {isa = PBXFileReference; lastKnownFileType = sourcecode.c.objc; path = FirstViewController.m; sourceTree = "<group>"; };
		87BA834019E6ECF9005545B9 /* SecondViewController.h */ = {isa = PBXFileReference; lastKnownFileType = sourcecode.c.h; path = SecondViewController.h; sourceTree = "<group>"; };
		87BA834119E6ECF9005545B9 /* SecondViewController.m */ = {isa = PBXFileReference; lastKnownFileType = sourcecode.c.objc; path = SecondViewController.m; sourceTree = "<group>"; };
		87BA834419E6ECF9005545B9 /* Base */ = {isa = PBXFileReference; lastKnownFileType = file.storyboard; name = Base; path = Base.lproj/Main.storyboard; sourceTree = "<group>"; };
		87BA834619E6ECF9005545B9 /* Images.xcassets */ = {isa = PBXFileReference; lastKnownFileType = folder.assetcatalog; path = Images.xcassets; sourceTree = "<group>"; };
		87BA834919E6ECF9005545B9 /* Base */ = {isa = PBXFileReference; lastKnownFileType = file.xib; name = Base; path = Base.lproj/LaunchScreen.xib; sourceTree = "<group>"; };
		87BA834F19E6ECF9005545B9 /* testTests.xctest */ = {isa = PBXFileReference; explicitFileType = wrapper.cfbundle; includeInIndex = 0; path = testTests.xctest; sourceTree = BUILT_PRODUCTS_DIR; };
		87BA835419E6ECF9005545B9 /* Info.plist */ = {isa = PBXFileReference; lastKnownFileType = text.plist.xml; path = Info.plist; sourceTree = "<group>"; };
		87BA835519E6ECF9005545B9 /* testTests.m */ = {isa = PBXFileReference; lastKnownFileType = sourcecode.c.objc; path = testTests.m; sourceTree = "<group>"; };
/* End PBXFileReference section */

/* Begin PBXFrameworksBuildPhase section */
		87BA833019E6ECF9005545B9 /* Frameworks */ = {
			isa = PBXFrameworksBuildPhase;
			buildActionMask = 2147483647;
			files = (
			);
			runOnlyForDeploymentPostprocessing = 0;
		};
		87BA834C19E6ECF9005545B9 /* Frameworks */ = {
			isa = PBXFrameworksBuildPhase;
			buildActionMask = 2147483647;
			files = (
			);
			runOnlyForDeploymentPostprocessing = 0;
		};
/* End PBXFrameworksBuildPhase section */

/* Begin PBXGroup section */
		87BA832A19E6ECF9005545B9 = {
			isa = PBXGroup;
			children = (
				87BA833519E6ECF9005545B9 /* test */,
				87BA835219E6ECF9005545B9 /* testTests */,
				87BA833419E6ECF9005545B9 /* Products */,
			);
			sourceTree = "<group>";
		};
		87BA833419E6ECF9005545B9 /* Products */ = {
			isa = PBXGroup;
			children = (
				87BA833319E6ECF9005545B9 /* test.app */,
				87BA834F19E6ECF9005545B9 /* testTests.xctest */,
			);
			name = Products;
			sourceTree = "<group>";
		};
		87BA833519E6ECF9005545B9 /* test */ = {
			isa = PBXGroup;
			children = (
				87BA833A19E6ECF9005545B9 /* AppDelegate.h */,
				87BA833B19E6ECF9005545B9 /* AppDelegate.m */,
				87BA833D19E6ECF9005545B9 /* FirstViewController.h */,
				87BA833E19E6ECF9005545B9 /* FirstViewController.m */,
				87BA834019E6ECF9005545B9 /* SecondViewController.h */,
				87BA834119E6ECF9005545B9 /* SecondViewController.m */,
				87BA834319E6ECF9005545B9 /* Main.storyboard */,
				87BA834619E6ECF9005545B9 /* Images.xcassets */,
				87BA834819E6ECF9005545B9 /* LaunchScreen.xib */,
				87BA833619E6ECF9005545B9 /* Supporting Files */,
			);
			path = test;
			sourceTree = "<group>";
		};
		87BA833619E6ECF9005545B9 /* Supporting Files */ = {
			isa = PBXGroup;
			children = (
				87BA833719E6ECF9005545B9 /* Info.plist */,
				87BA833819E6ECF9005545B9 /* main.m */,
			);
			name = "Supporting Files";
			sourceTree = "<group>";
		};
		87BA835219E6ECF9005545B9 /* testTests */ = {
			isa = PBXGroup;
			children = (
				87BA835519E6ECF9005545B9 /* testTests.m */,
				87BA835319E6ECF9005545B9 /* Supporting Files */,
			);
			path = testTests;
			sourceTree = "<group>";
		};
		87BA835319E6ECF9005545B9 /* Supporting Files */ = {
			isa = PBXGroup;
			children = (
				87BA835419E6ECF9005545B9 /* Info.plist */,
			);
			name = "Supporting Files";
			sourceTree = "<group>";
		};
/* End PBXGroup section */

/* Begin PBXNativeTarget section */
		87BA833219E6ECF9005545B9 /* test */ = {
			isa = PBXNativeTarget;
			buildConfigurationList = 87BA835919E6ECF9005545B9 /* Build configuration list for PBXNativeTarget "test" */;
			buildPhases = (
				87BA832F19E6ECF9005545B9 /* Sources */,
				87BA833019E6ECF9005545B9 /* Frameworks */,
				87BA833119E6ECF9005545B9 /* Resources */,
			);
			buildRules = (
			);
			dependencies = (
			);
			name = test;
			productName = test;
			productReference = 87BA833319E6ECF9005545B9 /* test.app */;
			productType = "com.apple.product-type.application";
		};
		87BA834E19E6ECF9005545B9 /* testTests */ = {
			isa = PBXNativeTarget;
			buildConfigurationList = 87BA835C19E6ECF9005545B9 /* Build configuration list for PBXNativeTarget "testTests" */;
			buildPhases = (
				87BA834B19E6ECF9005545B9 /* Sources */,
				87BA834C19E6ECF9005545B9 /* Frameworks */,
				87BA834D19E6ECF9005545B9 /* Resources */,
			);
			buildRules = (
			);
			dependencies = (
				87BA835119E6ECF9005545B9 /* PBXTargetDependency */,
			);
			name = testTests;
			productName = testTests;
			productReference = 87BA834F19E6ECF9005545B9 /* testTests.xctest */;
			productType = "com.apple.product-type.bundle.unit-test";
		};
/* End PBXNativeTarget section */

/* Begin PBXProject section */
		87BA832B19E6ECF9005545B9 /* Project object */ = {
			isa = PBXProject;
			attributes = {
				LastUpgradeCheck = 0600;
				ORGANIZATIONNAME = "Vincent Tian";
				TargetAttributes = {
					87BA833219E6ECF9005545B9 = {
						CreatedOnToolsVersion = 6.0.1;
					};
					87BA834E19E6ECF9005545B9 = {
						CreatedOnToolsVersion = 6.0.1;
						TestTargetID = 87BA833219E6ECF9005545B9;
					};
				};
			};
			buildConfigurationList = 87BA832E19E6ECF9005545B9 /* Build configuration list for PBXProject "test" */;
			compatibilityVersion = "Xcode 3.2";
			developmentRegion = English;
			hasScannedForEncodings = 0;
			knownRegions = (
				en,
				Base,
			);
			mainGroup = 87BA832A19E6ECF9005545B9;
			productRefGroup = 87BA833419E6ECF9005545B9 /* Products */;
			projectDirPath = "";
			projectRoot = "";
			targets = (
				87BA833219E6ECF9005545B9 /* test */,
				87BA834E19E6ECF9005545B9 /* testTests */,
			);
		};
/* End PBXProject section */

/* Begin PBXResourcesBuildPhase section */
		87BA833119E6ECF9005545B9 /* Resources */ = {
			isa = PBXResourcesBuildPhase;
			buildActionMask = 2147483647;
			files = (
				87BA834519E6ECF9005545B9 /* Main.storyboard in Resources */,
				87BA834A19E6ECF9005545B9 /* LaunchScreen.xib in Resources */,
				87BA834719E6ECF9005545B9 /* Images.xcassets in Resources */,
			);
			runOnlyForDeploymentPostprocessing = 0;
		};
		87BA834D19E6ECF9005545B9 /* Resources */ = {
			isa = PBXResourcesBuildPhase;
			buildActionMask = 2147483647;
			files = (
			);
			runOnlyForDeploymentPostprocessing = 0;
		};
/* End PBXResourcesBuildPhase section */

/* Begin PBXSourcesBuildPhase section */
		87BA832F19E6ECF9005545B9 /* Sources */ = {
			isa = PBXSourcesBuildPhase;
			buildActionMask = 2147483647;
			files = (
				87BA834219E6ECF9005545B9 /* SecondViewController.m in Sources */,
				87BA833C19E6ECF9005545B9 /* AppDelegate.m in Sources */,
				87BA833F19E6ECF9005545B9 /* FirstViewController.m in Sources */,
				87BA833919E6ECF9005545B9 /* main.m in Sources */,
			);
			runOnlyForDeploymentPostprocessing = 0;
		};
		87BA834B19E6ECF9005545B9 /* Sources */ = {
			isa = PBXSourcesBuildPhase;
			buildActionMask = 2147483647;
			files = (
				87BA835619E6ECF9005545B9 /* testTests.m in Sources */,
			);
			runOnlyForDeploymentPostprocessing = 0;
		};
/* End PBXSourcesBuildPhase section */

/* Begin PBXTargetDependency section */
		87BA835119E6ECF9005545B9 /* PBXTargetDependency */ = {
			isa = PBXTargetDependency;
			target = 87BA833219E6ECF9005545B9 /* test */;
			targetProxy = 87BA835019E6ECF9005545B9 /* PBXContainerItemProxy */;
		};
/* End PBXTargetDependency section */

/* Begin PBXVariantGroup section */
		87BA834319E6ECF9005545B9 /* Main.storyboard */ = {
			isa = PBXVariantGroup;
			children = (
				87BA834419E6ECF9005545B9 /* Base */,
			);
			name = Main.storyboard;
			sourceTree = "<group>";
		};
		87BA834819E6ECF9005545B9 /* LaunchScreen.xib */ = {
			isa = PBXVariantGroup;
			children = (
				87BA834919E6ECF9005545B9 /* Base */,
			);
			name = LaunchScreen.xib;
			sourceTree = "<group>";
		};
/* End PBXVariantGroup section */

/* Begin XCBuildConfiguration section */
		87BA835719E6ECF9005545B9 /* Debug */ = {
			isa = XCBuildConfiguration;
			buildSettings = {
				ALWAYS_SEARCH_USER_PATHS = NO;
				CLANG_CXX_LANGUAGE_STANDARD = "gnu++0x";
				CLANG_CXX_LIBRARY = "libc++";
				CLANG_ENABLE_MODULES = YES;
				CLANG_ENABLE_OBJC_ARC = YES;
				CLANG_WARN_BOOL_CONVERSION = YES;
				CLANG_WARN_CONSTANT_CONVERSION = YES;
				CLANG_WARN_DIRECT_OBJC_ISA_USAGE = YES_ERROR;
				CLANG_WARN_EMPTY_BODY = YES;
				CLANG_WARN_ENUM_CONVERSION = YES;
				CLANG_WARN_INT_CONVERSION = YES;
				CLANG_WARN_OBJC_ROOT_CLASS = YES_ERROR;
				CLANG_WARN_UNREACHABLE_CODE = YES;
				CLANG_WARN__DUPLICATE_METHOD_MATCH = YES;
				"CODE_SIGN_IDENTITY[sdk=iphoneos*]" = "iPhone Developer";
				COPY_PHASE_STRIP = NO;
				ENABLE_STRICT_OBJC_MSGSEND = YES;
				GCC_C_LANGUAGE_STANDARD = gnu99;
				GCC_DYNAMIC_NO_PIC = NO;
				GCC_OPTIMIZATION_LEVEL = 0;
				GCC_PREPROCESSOR_DEFINITIONS = (
					"DEBUG=1",
					"$(inherited)",
				);
				GCC_SYMBOLS_PRIVATE_EXTERN = NO;
				GCC_WARN_64_TO_32_BIT_CONVERSION = YES;
				GCC_WARN_ABOUT_RETURN_TYPE = YES_ERROR;
				GCC_WARN_UNDECLARED_SELECTOR = YES;
				GCC_WARN_UNINITIALIZED_AUTOS = YES_AGGRESSIVE;
				GCC_WARN_UNUSED_FUNCTION = YES;
				GCC_WARN_UNUSED_VARIABLE = YES;
				IPHONEOS_DEPLOYMENT_TARGET = 8.0;
				MTL_ENABLE_DEBUG_INFO = YES;
				ONLY_ACTIVE_ARCH = YES;
				SDKROOT = iphoneos;
				TARGETED_DEVICE_FAMILY = "1,2";
			};
			name = Debug;
		};
		87BA835819E6ECF9005545B9 /* Release */ = {
			isa = XCBuildConfiguration;
			buildSettings = {
				ALWAYS_SEARCH_USER_PATHS = NO;
				CLANG_CXX_LANGUAGE_STANDARD = "gnu++0x";
				CLANG_CXX_LIBRARY = "libc++";
				CLANG_ENABLE_MODULES = YES;
				CLANG_ENABLE_OBJC_ARC = YES;
				CLANG_WARN_BOOL_CONVERSION = YES;
				CLANG_WARN_CONSTANT_CONVERSION = YES;
				CLANG_WARN_DIRECT_OBJC_ISA_USAGE = YES_ERROR;
				CLANG_WARN_EMPTY_BODY = YES;
				CLANG_WARN_ENUM_CONVERSION = YES;
				CLANG_WARN_INT_CONVERSION = YES;
				CLANG_WARN_OBJC_ROOT_CLASS = YES_ERROR;
				CLANG_WARN_UNREACHABLE_CODE = YES;
				CLANG_WARN__DUPLICATE_METHOD_MATCH = YES;
				"CODE_SIGN_IDENTITY[sdk=iphoneos*]" = "iPhone Developer";
				COPY_PHASE_STRIP = YES;
				ENABLE_NS_ASSERTIONS = NO;
				ENABLE_STRICT_OBJC_MSGSEND = YES;
				GCC_C_LANGUAGE_STANDARD = gnu99;
				GCC_WARN_64_TO_32_BIT_CONVERSION = YES;
				GCC_WARN_ABOUT_RETURN_TYPE = YES_ERROR;
				GCC_WARN_UNDECLARED_SELECTOR = YES;
				GCC_WARN_UNINITIALIZED_AUTOS = YES_AGGRESSIVE;
				GCC_WARN_UNUSED_FUNCTION = YES;
				GCC_WARN_UNUSED_VARIABLE = YES;
				IPHONEOS_DEPLOYMENT_TARGET = 8.0;
				MTL_ENABLE_DEBUG_INFO = NO;
				SDKROOT = iphoneos;
				TARGETED_DEVICE_FAMILY = "1,2";
				VALIDATE_PRODUCT = YES;
			};
			name = Release;
		};
		87BA835A19E6ECF9005545B9 /* Debug */ = {
			isa = XCBuildConfiguration;
			buildSettings = {
				ASSETCATALOG_COMPILER_APPICON_NAME = AppIcon;
				INFOPLIST_FILE = test/Info.plist;
				LD_RUNPATH_SEARCH_PATHS = "$(inherited) @executable_path/Frameworks";
				PRODUCT_NAME = "$(TARGET_NAME)";
			};
			name = Debug;
		};
		87BA835B19E6ECF9005545B9 /* Release */ = {
			isa = XCBuildConfiguration;
			buildSettings = {
				ASSETCATALOG_COMPILER_APPICON_NAME = AppIcon;
				INFOPLIST_FILE = test/Info.plist;
				LD_RUNPATH_SEARCH_PATHS = "$(inherited) @executable_path/Frameworks";
				PRODUCT_NAME = "$(TARGET_NAME)";
			};
			name = Release;
		};
		87BA835D19E6ECF9005545B9 /* Debug */ = {
			isa = XCBuildConfiguration;
			buildSettings = {
				BUNDLE_LOADER = "$(TEST_HOST)";
				FRAMEWORK_SEARCH_PATHS = (
					"$(SDKROOT)/Developer/Library/Frameworks",
					"$(inherited)",
				);
				GCC_PREPROCESSOR_DEFINITIONS = (
					"DEBUG=1",
					"$(inherited)",
				);
				INFOPLIST_FILE = testTests/Info.plist;
				LD_RUNPATH_SEARCH_PATHS = "$(inherited) @executable_path/Frameworks @loader_path/Frameworks";
				PRODUCT_NAME = "$(TARGET_NAME)";
				TEST_HOST = "$(BUILT_PRODUCTS_DIR)/test.app/test";
			};
			name = Debug;
		};
		87BA835E19E6ECF9005545B9 /* Release */ = {
			isa = XCBuildConfiguration;
			buildSettings = {
				BUNDLE_LOADER = "$(TEST_HOST)";
				FRAMEWORK_SEARCH_PATHS = (
					"$(SDKROOT)/Developer/Library/Frameworks",
					"$(inherited)",
				);
				INFOPLIST_FILE = testTests/Info.plist;
				LD_RUNPATH_SEARCH_PATHS = "$(inherited) @executable_path/Frameworks @loader_path/Frameworks";
				PRODUCT_NAME = "$(TARGET_NAME)";
				TEST_HOST = "$(BUILT_PRODUCTS_DIR)/test.app/test";
			};
			name = Release;
		};
/* End XCBuildConfiguration section */

/* Begin XCConfigurationList section */
		87BA832E19E6ECF9005545B9 /* Build configuration list for PBXProject "test" */ = {
			isa = XCConfigurationList;
			buildConfigurations = (
				87BA835719E6ECF9005545B9 /* Debug */,
				87BA835819E6ECF9005545B9 /* Release */,
			);
			defaultConfigurationIsVisible = 0;
			defaultConfigurationName = Release;
		};
		87BA835919E6ECF9005545B9 /* Build configuration list for PBXNativeTarget "test" */ = {
			isa = XCConfigurationList;
			buildConfigurations = (
				87BA835A19E6ECF9005545B9 /* Debug */,
				87BA835B19E6ECF9005545B9 /* Release */,
			);
			defaultConfigurationIsVisible = 0;
		};
		87BA835C19E6ECF9005545B9 /* Build configuration list for PBXNativeTarget "testTests" */ = {
			isa = XCConfigurationList;
			buildConfigurations = (
				87BA835D19E6ECF9005545B9 /* Debug */,
				87BA835E19E6ECF9005545B9 /* Release */,
			);
			defaultConfigurationIsVisible = 0;
		};
/* End XCConfigurationList section */
	};
	rootObject = 87BA832B19E6ECF9005545B9 /* Project object */;
}
